
Microsoft Visual Studio Solution File, Format Version 12.00
# Visual Studio Version 17
VisualStudioVersion = 17.5.33502.453
MinimumVisualStudioVersion = 10.0.40219.1
Project("{FAE04EC0-301F-11D3-BF4B-00C04F79EFBC}") = "Server", "Server\Server.csproj", "{83A4E33B-4B7C-41C4-B1FC-D0F4E338B81A}"
EndProject
Project("{FAE04EC0-301F-11D3-BF4B-00C04F79EFBC}") = "Cliente", "Cliente\Cliente.csproj", "{1283C18E-EAF3-4C99-8D97-4BC601B09152}"
EndProject
Global
	GlobalSection(SolutionConfigurationPlatforms) = preSolution
		Debug|Any CPU = Debug|Any CPU
		Release|Any CPU = Release|Any CPU
	EndGlobalSection
	GlobalSection(ProjectConfigurationPlatforms) = postSolution
		{83A4E33B-4B7C-41C4-B1FC-D0F4E338B81A}.Debug|Any CPU.ActiveCfg = Debug|Any CPU
		{83A4E33B-4B7C-41C4-B1FC-D0F4E338B81A}.Debug|Any CPU.Build.0 = Debug|Any CPU
		{83A4E33B-4B7C-41C4-B1FC-D0F4E338B81A}.Release|Any CPU.ActiveCfg = Release|Any CPU
		{83A4E33B-4B7C-41C4-B1FC-D0F4E338B81A}.Release|Any CPU.Build.0 = Release|Any CPU
		{1283C18E-EAF3-4C99-8D97-4BC601B09152}.Debug|Any CPU.ActiveCfg = Debug|Any CPU
		{1283C18E-EAF3-4C99-8D97-4BC601B09152}.Debug|Any CPU.Build.0 = Debug|Any CPU
		{1283C18E-EAF3-4C99-8D97-4BC601B09152}.Release|Any CPU.ActiveCfg = Release|Any CPU
		{1283C18E-EAF3-4C99-8D97-4BC601B09152}.Release|Any CPU.Build.0 = Release|Any CPU
	EndGlobalSection
	GlobalSection(SolutionProperties) = preSolution
		HideSolutionNode = FALSE
	EndGlobalSection
	GlobalSection(ExtensibilityGlobals) = postSolution
		SolutionGuid = {E9E301DC-35C0-4449-B092-965590828239}
	EndGlobalSection
EndGlobal
